
Microsoft Visual Studio Solution File, Format Version 12.00
# Visual Studio Version 17
VisualStudioVersion = 17.3.32819.101
MinimumVisualStudioVersion = 10.0.40219.1
Project("{FAE04EC0-301F-11D3-BF4B-00C04F79EFBC}") = "TwoCityScheduling", "TwoCityScheduling\TwoCityScheduling.csproj", "{462DAAA8-C1E2-4BB0-A477-2EF392733B53}"
EndProject
Global
	GlobalSection(SolutionConfigurationPlatforms) = preSolution
		Debug|Any CPU = Debug|Any CPU
		Release|Any CPU = Release|Any CPU
	EndGlobalSection
	GlobalSection(ProjectConfigurationPlatforms) = postSolution
		{462DAAA8-C1E2-4BB0-A477-2EF392733B53}.Debug|Any CPU.ActiveCfg = Debug|Any CPU
		{462DAAA8-C1E2-4BB0-A477-2EF392733B53}.Debug|Any CPU.Build.0 = Debug|Any CPU
		{462DAAA8-C1E2-4BB0-A477-2EF392733B53}.Release|Any CPU.ActiveCfg = Release|Any CPU
		{462DAAA8-C1E2-4BB0-A477-2EF392733B53}.Release|Any CPU.Build.0 = Release|Any CPU
	EndGlobalSection
	GlobalSection(SolutionProperties) = preSolution
		HideSolutionNode = FALSE
	EndGlobalSection
	GlobalSection(ExtensibilityGlobals) = postSolution
		SolutionGuid = {CAE3E4C2-D0B6-4183-92E2-EAACCC39E2EF}
	EndGlobalSection
EndGlobal
